{
  "name": "pet-finder",
  "version": "0.1.0",
  "lockfileVersion": 3,
  "requires": true,
  "packages": {
    "": {
      "name": "pet-finder",
      "version": "0.1.0",
      "dependencies": {
        "@neondatabase/serverless": "^1.1.0",
        "cloudinary": "^2.10.0"
      },
      "engines": {
        "node": ">=18"
      }
    },
    "node_modules/@neondatabase/serverless": {
      "version": "1.1.0",
      "resolved": "https://registry.npmjs.org/@neondatabase/serverless/-/serverless-1.1.0.tgz",
      "integrity": "sha512-r3ZZhRjEcfEdKIZnoB1RusNgvHuaBRqfCzV4Gi+5A9yUX0S4HTws/ASWqt13wL4y4I+0rqsWGdA2w7EQXHi3+Q==",
      "license": "MIT",
      "engines": {
        "node": ">=19.0.0"
      }
    },
    "node_modules/cloudinary": {
      "version": "2.10.0",
      "resolved": "https://registry.npmjs.org/cloudinary/-/cloudinary-2.10.0.tgz",
      "integrity": "sha512-sY09kYg7wprkndAOjZBAYqFZqwL+SxnEGcAvksOvFA+5upnFn949UjkEkHKNSwkBtW/xRDd0p6NgbSXZcxkI3w==",
      "license": "MIT",
      "dependencies": {
        "lodash": "^4.17.23"
      },
      "engines": {
        "node": ">=9"
      }
    },
    "node_modules/lodash": {
      "version": "4.18.1",
      "resolved": "https://registry.npmjs.org/lodash/-/lodash-4.18.1.tgz",
      "integrity": "sha512-dMInicTPVE8d1e5otfwmmjlxkZoUpiVLwyeTdUsi/Caj/gfzzblBcCE5sRHV/AsjuCmxWrte2TNGSYuCeCq+0Q==",
      "license": "MIT"
    }
  }
}
